
Microsoft Visual Studio Solution File, Format Version 12.00
# Visual Studio Version 16
VisualStudioVersion = 16.0.29806.167
MinimumVisualStudioVersion = 10.0.40219.1
Project("{FAE04EC0-301F-11D3-BF4B-00C04F79EFBC}") = "Sorteio", "Sorteio\Sorteio.csproj", "{3A2FF721-B54D-4F00-A128-8BDDCDB13C7F}"
EndProject
Project("{FAE04EC0-301F-11D3-BF4B-00C04F79EFBC}") = "Business", "Business\Business.csproj", "{6E438625-4FB1-411E-9646-438270A5BF75}"
EndProject
Project("{FAE04EC0-301F-11D3-BF4B-00C04F79EFBC}") = "DB", "DB\DB.csproj", "{D429E92F-A3A7-49BE-BD6B-3645F9BE2503}"
EndProject
Project("{FAE04EC0-301F-11D3-BF4B-00C04F79EFBC}") = "Object", "Object\Object.csproj", "{1FF9E0EE-8D24-4645-B373-99C486C6E9BF}"
EndProject
Project("{54435603-DBB4-11D2-8724-00A0C9A8B90C}") = "SetupSorteio", "SetupSorteio\SetupSorteio.vdproj", "{FF83D98B-1220-4DCD-909F-9B717BF5B36B}"
EndProject
Global
	GlobalSection(SolutionConfigurationPlatforms) = preSolution
		Debug|Any CPU = Debug|Any CPU
		Release|Any CPU = Release|Any CPU
	EndGlobalSection
	GlobalSection(ProjectConfigurationPlatforms) = postSolution
		{3A2FF721-B54D-4F00-A128-8BDDCDB13C7F}.Debug|Any CPU.ActiveCfg = Debug|Any CPU
		{3A2FF721-B54D-4F00-A128-8BDDCDB13C7F}.Debug|Any CPU.Build.0 = Debug|Any CPU
		{3A2FF721-B54D-4F00-A128-8BDDCDB13C7F}.Release|Any CPU.ActiveCfg = Release|Any CPU
		{3A2FF721-B54D-4F00-A128-8BDDCDB13C7F}.Release|Any CPU.Build.0 = Release|Any CPU
		{6E438625-4FB1-411E-9646-438270A5BF75}.Debug|Any CPU.ActiveCfg = Debug|Any CPU
		{6E438625-4FB1-411E-9646-438270A5BF75}.Debug|Any CPU.Build.0 = Debug|Any CPU
		{6E438625-4FB1-411E-9646-438270A5BF75}.Release|Any CPU.ActiveCfg = Release|Any CPU
		{6E438625-4FB1-411E-9646-438270A5BF75}.Release|Any CPU.Build.0 = Release|Any CPU
		{D429E92F-A3A7-49BE-BD6B-3645F9BE2503}.Debug|Any CPU.ActiveCfg = Debug|Any CPU
		{D429E92F-A3A7-49BE-BD6B-3645F9BE2503}.Debug|Any CPU.Build.0 = Debug|Any CPU
		{D429E92F-A3A7-49BE-BD6B-3645F9BE2503}.Release|Any CPU.ActiveCfg = Release|Any CPU
		{D429E92F-A3A7-49BE-BD6B-3645F9BE2503}.Release|Any CPU.Build.0 = Release|Any CPU
		{1FF9E0EE-8D24-4645-B373-99C486C6E9BF}.Debug|Any CPU.ActiveCfg = Debug|Any CPU
		{1FF9E0EE-8D24-4645-B373-99C486C6E9BF}.Debug|Any CPU.Build.0 = Debug|Any CPU
		{1FF9E0EE-8D24-4645-B373-99C486C6E9BF}.Release|Any CPU.ActiveCfg = Release|Any CPU
		{1FF9E0EE-8D24-4645-B373-99C486C6E9BF}.Release|Any CPU.Build.0 = Release|Any CPU
		{FF83D98B-1220-4DCD-909F-9B717BF5B36B}.Debug|Any CPU.ActiveCfg = Debug
		{FF83D98B-1220-4DCD-909F-9B717BF5B36B}.Debug|Any CPU.Build.0 = Debug
		{FF83D98B-1220-4DCD-909F-9B717BF5B36B}.Release|Any CPU.ActiveCfg = Release
		{FF83D98B-1220-4DCD-909F-9B717BF5B36B}.Release|Any CPU.Build.0 = Release
	EndGlobalSection
	GlobalSection(SolutionProperties) = preSolution
		HideSolutionNode = FALSE
	EndGlobalSection
	GlobalSection(ExtensibilityGlobals) = postSolution
		SolutionGuid = {08FA8C83-0795-478C-96C1-D4F838A20A42}
	EndGlobalSection
EndGlobal
